
Microsoft Visual Studio Solution File, Format Version 12.00
# Visual Studio 15
VisualStudioVersion = 15.0.27130.2010
MinimumVisualStudioVersion = 10.0.40219.1
Project("{151D2E53-A2C4-4D7D-83FE-D05416EBD58E}") = "NewDCCreate", "NewDCCreate\NewDCCreate.deployproj", "{B43C19D9-6AF4-4F10-ADA8-39F3F7FF25D8}"
EndProject
Project("{151D2E53-A2C4-4D7D-83FE-D05416EBD58E}") = "NewVMJoinDomain", "NewVMJoinDomain\NewVMJoinDomain.deployproj", "{AADCDCF3-B9A0-4858-8386-7CF87BB23350}"
EndProject
Global
	GlobalSection(SolutionConfigurationPlatforms) = preSolution
		Debug|Any CPU = Debug|Any CPU
		Release|Any CPU = Release|Any CPU
	EndGlobalSection
	GlobalSection(ProjectConfigurationPlatforms) = postSolution
		{B43C19D9-6AF4-4F10-ADA8-39F3F7FF25D8}.Debug|Any CPU.ActiveCfg = Debug|Any CPU
		{B43C19D9-6AF4-4F10-ADA8-39F3F7FF25D8}.Debug|Any CPU.Build.0 = Debug|Any CPU
		{B43C19D9-6AF4-4F10-ADA8-39F3F7FF25D8}.Release|Any CPU.ActiveCfg = Release|Any CPU
		{B43C19D9-6AF4-4F10-ADA8-39F3F7FF25D8}.Release|Any CPU.Build.0 = Release|Any CPU
		{AADCDCF3-B9A0-4858-8386-7CF87BB23350}.Debug|Any CPU.ActiveCfg = Debug|Any CPU
		{AADCDCF3-B9A0-4858-8386-7CF87BB23350}.Debug|Any CPU.Build.0 = Debug|Any CPU
		{AADCDCF3-B9A0-4858-8386-7CF87BB23350}.Release|Any CPU.ActiveCfg = Release|Any CPU
		{AADCDCF3-B9A0-4858-8386-7CF87BB23350}.Release|Any CPU.Build.0 = Release|Any CPU
	EndGlobalSection
	GlobalSection(SolutionProperties) = preSolution
		HideSolutionNode = FALSE
	EndGlobalSection
	GlobalSection(ExtensibilityGlobals) = postSolution
		SolutionGuid = {693D63F7-4B09-45BF-A1C9-4C5A79CFC681}
	EndGlobalSection
EndGlobal
